
Microsoft Visual Studio Solution File, Format Version 12.00
# Visual Studio 2012
Project("{FAE04EC0-301F-11D3-BF4B-00C04F79EFBC}") = "BAG.EditWithVisualStudio", "src\BAGEditWithVisualStudio\BAG.EditWithVisualStudio.csproj", "{A03543C0-1CA6-4AB2-99D2-5F91E4C903EC}"
EndProject
Global
	GlobalSection(SolutionConfigurationPlatforms) = preSolution
		Debug|Any CPU = Debug|Any CPU
		Release|Any CPU = Release|Any CPU
	EndGlobalSection
	GlobalSection(ProjectConfigurationPlatforms) = postSolution
		{A03543C0-1CA6-4AB2-99D2-5F91E4C903EC}.Debug|Any CPU.ActiveCfg = Debug|Any CPU
		{A03543C0-1CA6-4AB2-99D2-5F91E4C903EC}.Debug|Any CPU.Build.0 = Debug|Any CPU
		{A03543C0-1CA6-4AB2-99D2-5F91E4C903EC}.Release|Any CPU.ActiveCfg = Release|Any CPU
		{A03543C0-1CA6-4AB2-99D2-5F91E4C903EC}.Release|Any CPU.Build.0 = Release|Any CPU
	EndGlobalSection
	GlobalSection(SolutionProperties) = preSolution
		HideSolutionNode = FALSE
	EndGlobalSection
EndGlobal
